// !$*UTF8*$!
{
	archiveVersion = 1;
	classes = {
	};
	objectVersion = 56;
	objects = {

/* Begin PBXBuildFile section */
		B3B2B44C291688AE004A8F9B /* AppDelegate.swift in Sources */ = {isa = PBXBuildFile; fileRef = B3B2B44B291688AE004A8F9B /* AppDelegate.swift */; };
		B3B2B44E291688AE004A8F9B /* SceneDelegate.swift in Sources */ = {isa = PBXBuildFile; fileRef = B3B2B44D291688AE004A8F9B /* SceneDelegate.swift */; };
		B3B2B450291688AE004A8F9B /* ViewController.swift in Sources */ = {isa = PBXBuildFile; fileRef = B3B2B44F291688AE004A8F9B /* ViewController.swift */; };
		B3B2B453291688AE004A8F9B /* Main.storyboard in Resources */ = {isa = PBXBuildFile; fileRef = B3B2B451291688AE004A8F9B /* Main.storyboard */; };
		B3B2B455291688AF004A8F9B /* Assets.xcassets in Resources */ = {isa = PBXBuildFile; fileRef = B3B2B454291688AF004A8F9B /* Assets.xcassets */; };
		B3B2B458291688AF004A8F9B /* LaunchScreen.storyboard in Resources */ = {isa = PBXBuildFile; fileRef = B3B2B456291688AF004A8F9B /* LaunchScreen.storyboard */; };
		B3B2B463291688AF004A8F9B /* tableViewDraftTests.swift in Sources */ = {isa = PBXBuildFile; fileRef = B3B2B462291688AF004A8F9B /* tableViewDraftTests.swift */; };
		B3B2B46D291688AF004A8F9B /* tableViewDraftUITests.swift in Sources */ = {isa = PBXBuildFile; fileRef = B3B2B46C291688AF004A8F9B /* tableViewDraftUITests.swift */; };
		B3B2B46F291688AF004A8F9B /* tableViewDraftUITestsLaunchTests.swift in Sources */ = {isa = PBXBuildFile; fileRef = B3B2B46E291688AF004A8F9B /* tableViewDraftUITestsLaunchTests.swift */; };
/* End PBXBuildFile section */

/* Begin PBXContainerItemProxy section */
		B3B2B45F291688AF004A8F9B /* PBXContainerItemProxy */ = {
			isa = PBXContainerItemProxy;
			containerPortal = B3B2B440291688AE004A8F9B /* Project object */;
			proxyType = 1;
			remoteGlobalIDString = B3B2B447291688AE004A8F9B;
			remoteInfo = tableViewDraft;
		};
		B3B2B469291688AF004A8F9B /* PBXContainerItemProxy */ = {
			isa = PBXContainerItemProxy;
			containerPortal = B3B2B440291688AE004A8F9B /* Project object */;
			proxyType = 1;
			remoteGlobalIDString = B3B2B447291688AE004A8F9B;
			remoteInfo = tableViewDraft;
		};
/* End PBXContainerItemProxy section */

/* Begin PBXFileReference section */
		B3B2B448291688AE004A8F9B /* tableViewDraft.app */ = {isa = PBXFileReference; explicitFileType = wrapper.application; includeInIndex = 0; path = tableViewDraft.app; sourceTree = BUILT_PRODUCTS_DIR; };
		B3B2B44B291688AE004A8F9B /* AppDelegate.swift */ = {isa = PBXFileReference; lastKnownFileType = sourcecode.swift; path = AppDelegate.swift; sourceTree = "<group>"; };
		B3B2B44D291688AE004A8F9B /* SceneDelegate.swift */ = {isa = PBXFileReference; lastKnownFileType = sourcecode.swift; path = SceneDelegate.swift; sourceTree = "<group>"; };
		B3B2B44F291688AE004A8F9B /* ViewController.swift */ = {isa = PBXFileReference; lastKnownFileType = sourcecode.swift; path = ViewController.swift; sourceTree = "<group>"; };
		B3B2B452291688AE004A8F9B /* Base */ = {isa = PBXFileReference; lastKnownFileType = file.storyboard; name = Base; path = Base.lproj/Main.storyboard; sourceTree = "<group>"; };
		B3B2B454291688AF004A8F9B /* Assets.xcassets */ = {isa = PBXFileReference; lastKnownFileType = folder.assetcatalog; path = Assets.xcassets; sourceTree = "<group>"; };
		B3B2B457291688AF004A8F9B /* Base */ = {isa = PBXFileReference; lastKnownFileType = file.storyboard; name = Base; path = Base.lproj/LaunchScreen.storyboard; sourceTree = "<group>"; };
		B3B2B459291688AF004A8F9B /* Info.plist */ = {isa = PBXFileReference; lastKnownFileType = text.plist.xml; path = Info.plist; sourceTree = "<group>"; };
		B3B2B45E291688AF004A8F9B /* tableViewDraftTests.xctest */ = {isa = PBXFileReference; explicitFileType = wrapper.cfbundle; includeInIndex = 0; path = tableViewDraftTests.xctest; sourceTree = BUILT_PRODUCTS_DIR; };
		B3B2B462291688AF004A8F9B /* tableViewDraftTests.swift */ = {isa = PBXFileReference; lastKnownFileType = sourcecode.swift; path = tableViewDraftTests.swift; sourceTree = "<group>"; };
		B3B2B468291688AF004A8F9B /* tableViewDraftUITests.xctest */ = {isa = PBXFileReference; explicitFileType = wrapper.cfbundle; includeInIndex = 0; path = tableViewDraftUITests.xctest; sourceTree = BUILT_PRODUCTS_DIR; };
		B3B2B46C291688AF004A8F9B /* tableViewDraftUITests.swift */ = {isa = PBXFileReference; lastKnownFileType = sourcecode.swift; path = tableViewDraftUITests.swift; sourceTree = "<group>"; };
		B3B2B46E291688AF004A8F9B /* tableViewDraftUITestsLaunchTests.swift */ = {isa = PBXFileReference; lastKnownFileType = sourcecode.swift; path = tableViewDraftUITestsLaunchTests.swift; sourceTree = "<group>"; };
/* End PBXFileReference section */

/* Begin PBXFrameworksBuildPhase section */
		B3B2B445291688AE004A8F9B /* Frameworks */ = {
			isa = PBXFrameworksBuildPhase;
			buildActionMask = 2147483647;
			files = (
			);
			runOnlyForDeploymentPostprocessing = 0;
		};
		B3B2B45B291688AF004A8F9B /* Frameworks */ = {
			isa = PBXFrameworksBuildPhase;
			buildActionMask = 2147483647;
			files = (
			);
			runOnlyForDeploymentPostprocessing = 0;
		};
		B3B2B465291688AF004A8F9B /* Frameworks */ = {
			isa = PBXFrameworksBuildPhase;
			buildActionMask = 2147483647;
			files = (
			);
			runOnlyForDeploymentPostprocessing = 0;
		};
/* End PBXFrameworksBuildPhase section */

/* Begin PBXGroup section */
		B3B2B43F291688AE004A8F9B = {
			isa = PBXGroup;
			children = (
				B3B2B44A291688AE004A8F9B /* tableViewDraft */,
				B3B2B461291688AF004A8F9B /* tableViewDraftTests */,
				B3B2B46B291688AF004A8F9B /* tableViewDraftUITests */,
				B3B2B449291688AE004A8F9B /* Products */,
			);
			sourceTree = "<group>";
		};
		B3B2B449291688AE004A8F9B /* Products */ = {
			isa = PBXGroup;
			children = (
				B3B2B448291688AE004A8F9B /* tableViewDraft.app */,
				B3B2B45E291688AF004A8F9B /* tableViewDraftTests.xctest */,
				B3B2B468291688AF004A8F9B /* tableViewDraftUITests.xctest */,
			);
			name = Products;
			sourceTree = "<group>";
		};
		B3B2B44A291688AE004A8F9B /* tableViewDraft */ = {
			isa = PBXGroup;
			children = (
				B3B2B44B291688AE004A8F9B /* AppDelegate.swift */,
				B3B2B44D291688AE004A8F9B /* SceneDelegate.swift */,
				B3B2B44F291688AE004A8F9B /* ViewController.swift */,
				B3B2B451291688AE004A8F9B /* Main.storyboard */,
				B3B2B454291688AF004A8F9B /* Assets.xcassets */,
				B3B2B456291688AF004A8F9B /* LaunchScreen.storyboard */,
				B3B2B459291688AF004A8F9B /* Info.plist */,
			);
			path = tableViewDraft;
			sourceTree = "<group>";
		};
		B3B2B461291688AF004A8F9B /* tableViewDraftTests */ = {
			isa = PBXGroup;
			children = (
				B3B2B462291688AF004A8F9B /* tableViewDraftTests.swift */,
			);
			path = tableViewDraftTests;
			sourceTree = "<group>";
		};
		B3B2B46B291688AF004A8F9B /* tableViewDraftUITests */ = {
			isa = PBXGroup;
			children = (
				B3B2B46C291688AF004A8F9B /* tableViewDraftUITests.swift */,
				B3B2B46E291688AF004A8F9B /* tableViewDraftUITestsLaunchTests.swift */,
			);
			path = tableViewDraftUITests;
			sourceTree = "<group>";
		};
/* End PBXGroup section */

/* Begin PBXNativeTarget section */
		B3B2B447291688AE004A8F9B /* tableViewDraft */ = {
			isa = PBXNativeTarget;
			buildConfigurationList = B3B2B472291688AF004A8F9B /* Build configuration list for PBXNativeTarget "tableViewDraft" */;
			buildPhases = (
				B3B2B444291688AE004A8F9B /* Sources */,
				B3B2B445291688AE004A8F9B /* Frameworks */,
				B3B2B446291688AE004A8F9B /* Resources */,
			);
			buildRules = (
			);
			dependencies = (
			);
			name = tableViewDraft;
			productName = tableViewDraft;
			productReference = B3B2B448291688AE004A8F9B /* tableViewDraft.app */;
			productType = "com.apple.product-type.application";
		};
		B3B2B45D291688AF004A8F9B /* tableViewDraftTests */ = {
			isa = PBXNativeTarget;
			buildConfigurationList = B3B2B475291688AF004A8F9B /* Build configuration list for PBXNativeTarget "tableViewDraftTests" */;
			buildPhases = (
				B3B2B45A291688AF004A8F9B /* Sources */,
				B3B2B45B291688AF004A8F9B /* Frameworks */,
				B3B2B45C291688AF004A8F9B /* Resources */,
			);
			buildRules = (
			);
			dependencies = (
				B3B2B460291688AF004A8F9B /* PBXTargetDependency */,
			);
			name = tableViewDraftTests;
			productName = tableViewDraftTests;
			productReference = B3B2B45E291688AF004A8F9B /* tableViewDraftTests.xctest */;
			productType = "com.apple.product-type.bundle.unit-test";
		};
		B3B2B467291688AF004A8F9B /* tableViewDraftUITests */ = {
			isa = PBXNativeTarget;
			buildConfigurationList = B3B2B478291688AF004A8F9B /* Build configuration list for PBXNativeTarget "tableViewDraftUITests" */;
			buildPhases = (
				B3B2B464291688AF004A8F9B /* Sources */,
				B3B2B465291688AF004A8F9B /* Frameworks */,
				B3B2B466291688AF004A8F9B /* Resources */,
			);
			buildRules = (
			);
			dependencies = (
				B3B2B46A291688AF004A8F9B /* PBXTargetDependency */,
			);
			name = tableViewDraftUITests;
			productName = tableViewDraftUITests;
			productReference = B3B2B468291688AF004A8F9B /* tableViewDraftUITests.xctest */;
			productType = "com.apple.product-type.bundle.ui-testing";
		};
/* End PBXNativeTarget section */

/* Begin PBXProject section */
		B3B2B440291688AE004A8F9B /* Project object */ = {
			isa = PBXProject;
			attributes = {
				BuildIndependentTargetsInParallel = 1;
				LastSwiftUpdateCheck = 1410;
				LastUpgradeCheck = 1410;
				TargetAttributes = {
					B3B2B447291688AE004A8F9B = {
						CreatedOnToolsVersion = 14.1;
					};
					B3B2B45D291688AF004A8F9B = {
						CreatedOnToolsVersion = 14.1;
						TestTargetID = B3B2B447291688AE004A8F9B;
					};
					B3B2B467291688AF004A8F9B = {
						CreatedOnToolsVersion = 14.1;
						TestTargetID = B3B2B447291688AE004A8F9B;
					};
				};
			};
			buildConfigurationList = B3B2B443291688AE004A8F9B /* Build configuration list for PBXProject "tableViewDraft" */;
			compatibilityVersion = "Xcode 14.0";
			developmentRegion = en;
			hasScannedForEncodings = 0;
			knownRegions = (
				en,
				Base,
			);
			mainGroup = B3B2B43F291688AE004A8F9B;
			productRefGroup = B3B2B449291688AE004A8F9B /* Products */;
			projectDirPath = "";
			projectRoot = "";
			targets = (
				B3B2B447291688AE004A8F9B /* tableViewDraft */,
				B3B2B45D291688AF004A8F9B /* tableViewDraftTests */,
				B3B2B467291688AF004A8F9B /* tableViewDraftUITests */,
			);
		};
/* End PBXProject section */

/* Begin PBXResourcesBuildPhase section */
		B3B2B446291688AE004A8F9B /* Resources */ = {
			isa = PBXResourcesBuildPhase;
			buildActionMask = 2147483647;
			files = (
				B3B2B458291688AF004A8F9B /* LaunchScreen.storyboard in Resources */,
				B3B2B455291688AF004A8F9B /* Assets.xcassets in Resources */,
				B3B2B453291688AE004A8F9B /* Main.storyboard in Resources */,
			);
			runOnlyForDeploymentPostprocessing = 0;
		};
		B3B2B45C291688AF004A8F9B /* Resources */ = {
			isa = PBXResourcesBuildPhase;
			buildActionMask = 2147483647;
			files = (
			);
			runOnlyForDeploymentPostprocessing = 0;
		};
		B3B2B466291688AF004A8F9B /* Resources */ = {
			isa = PBXResourcesBuildPhase;
			buildActionMask = 2147483647;
			files = (
			);
			runOnlyForDeploymentPostprocessing = 0;
		};
/* End PBXResourcesBuildPhase section */

/* Begin PBXSourcesBuildPhase section */
		B3B2B444291688AE004A8F9B /* Sources */ = {
			isa = PBXSourcesBuildPhase;
			buildActionMask = 2147483647;
			files = (
				B3B2B450291688AE004A8F9B /* ViewController.swift in Sources */,
				B3B2B44C291688AE004A8F9B /* AppDelegate.swift in Sources */,
				B3B2B44E291688AE004A8F9B /* SceneDelegate.swift in Sources */,
			);
			runOnlyForDeploymentPostprocessing = 0;
		};
		B3B2B45A291688AF004A8F9B /* Sources */ = {
			isa = PBXSourcesBuildPhase;
			buildActionMask = 2147483647;
			files = (
				B3B2B463291688AF004A8F9B /* tableViewDraftTests.swift in Sources */,
			);
			runOnlyForDeploymentPostprocessing = 0;
		};
		B3B2B464291688AF004A8F9B /* Sources */ = {
			isa = PBXSourcesBuildPhase;
			buildActionMask = 2147483647;
			files = (
				B3B2B46F291688AF004A8F9B /* tableViewDraftUITestsLaunchTests.swift in Sources */,
				B3B2B46D291688AF004A8F9B /* tableViewDraftUITests.swift in Sources */,
			);
			runOnlyForDeploymentPostprocessing = 0;
		};
/* End PBXSourcesBuildPhase section */

/* Begin PBXTargetDependency section */
		B3B2B460291688AF004A8F9B /* PBXTargetDependency */ = {
			isa = PBXTargetDependency;
			target = B3B2B447291688AE004A8F9B /* tableViewDraft */;
			targetProxy = B3B2B45F291688AF004A8F9B /* PBXContainerItemProxy */;
		};
		B3B2B46A291688AF004A8F9B /* PBXTargetDependency */ = {
			isa = PBXTargetDependency;
			target = B3B2B447291688AE004A8F9B /* tableViewDraft */;
			targetProxy = B3B2B469291688AF004A8F9B /* PBXContainerItemProxy */;
		};
/* End PBXTargetDependency section */

/* Begin PBXVariantGroup section */
		B3B2B451291688AE004A8F9B /* Main.storyboard */ = {
			isa = PBXVariantGroup;
			children = (
				B3B2B452291688AE004A8F9B /* Base */,
			);
			name = Main.storyboard;
			sourceTree = "<group>";
		};
		B3B2B456291688AF004A8F9B /* LaunchScreen.storyboard */ = {
			isa = PBXVariantGroup;
			children = (
				B3B2B457291688AF004A8F9B /* Base */,
			);
			name = LaunchScreen.storyboard;
			sourceTree = "<group>";
		};
/* End PBXVariantGroup section */

/* Begin XCBuildConfiguration section */
		B3B2B470291688AF004A8F9B /* Debug */ = {
			isa = XCBuildConfiguration;
			buildSettings = {
				ALWAYS_SEARCH_USER_PATHS = NO;
				CLANG_ANALYZER_NONNULL = YES;
				CLANG_ANALYZER_NUMBER_OBJECT_CONVERSION = YES_AGGRESSIVE;
				CLANG_CXX_LANGUAGE_STANDARD = "gnu++20";
				CLANG_ENABLE_MODULES = YES;
				CLANG_ENABLE_OBJC_ARC = YES;
				CLANG_ENABLE_OBJC_WEAK = YES;
				CLANG_WARN_BLOCK_CAPTURE_AUTORELEASING = YES;
				CLANG_WARN_BOOL_CONVERSION = YES;
				CLANG_WARN_COMMA = YES;
				CLANG_WARN_CONSTANT_CONVERSION = YES;
				CLANG_WARN_DEPRECATED_OBJC_IMPLEMENTATIONS = YES;
				CLANG_WARN_DIRECT_OBJC_ISA_USAGE = YES_ERROR;
				CLANG_WARN_DOCUMENTATION_COMMENTS = YES;
				CLANG_WARN_EMPTY_BODY = YES;
				CLANG_WARN_ENUM_CONVERSION = YES;
				CLANG_WARN_INFINITE_RECURSION = YES;
				CLANG_WARN_INT_CONVERSION = YES;
				CLANG_WARN_NON_LITERAL_NULL_CONVERSION = YES;
				CLANG_WARN_OBJC_IMPLICIT_RETAIN_SELF = YES;
				CLANG_WARN_OBJC_LITERAL_CONVERSION = YES;
				CLANG_WARN_OBJC_ROOT_CLASS = YES_ERROR;
				CLANG_WARN_QUOTED_INCLUDE_IN_FRAMEWORK_HEADER = YES;
				CLANG_WARN_RANGE_LOOP_ANALYSIS = YES;
				CLANG_WARN_STRICT_PROTOTYPES = YES;
				CLANG_WARN_SUSPICIOUS_MOVE = YES;
				CLANG_WARN_UNGUARDED_AVAILABILITY = YES_AGGRESSIVE;
				CLANG_WARN_UNREACHABLE_CODE = YES;
				CLANG_WARN__DUPLICATE_METHOD_MATCH = YES;
				COPY_PHASE_STRIP = NO;
				DEBUG_INFORMATION_FORMAT = dwarf;
				ENABLE_STRICT_OBJC_MSGSEND = YES;
				ENABLE_TESTABILITY = YES;
				GCC_C_LANGUAGE_STANDARD = gnu11;
				GCC_DYNAMIC_NO_PIC = NO;
				GCC_NO_COMMON_BLOCKS = YES;
				GCC_OPTIMIZATION_LEVEL = 0;
				GCC_PREPROCESSOR_DEFINITIONS = (
					"DEBUG=1",
					"$(inherited)",
				);
				GCC_WARN_64_TO_32_BIT_CONVERSION = YES;
				GCC_WARN_ABOUT_RETURN_TYPE = YES_ERROR;
				GCC_WARN_UNDECLARED_SELECTOR = YES;
				GCC_WARN_UNINITIALIZED_AUTOS = YES_AGGRESSIVE;
				GCC_WARN_UNUSED_FUNCTION = YES;
				GCC_WARN_UNUSED_VARIABLE = YES;
				IPHONEOS_DEPLOYMENT_TARGET = 16.1;
				MTL_ENABLE_DEBUG_INFO = INCLUDE_SOURCE;
				MTL_FAST_MATH = YES;
				ONLY_ACTIVE_ARCH = YES;
				SDKROOT = iphoneos;
				SWIFT_ACTIVE_COMPILATION_CONDITIONS = DEBUG;
				SWIFT_OPTIMIZATION_LEVEL = "-Onone";
			};
			name = Debug;
		};
		B3B2B471291688AF004A8F9B /* Release */ = {
			isa = XCBuildConfiguration;
			buildSettings = {
				ALWAYS_SEARCH_USER_PATHS = NO;
				CLANG_ANALYZER_NONNULL = YES;
				CLANG_ANALYZER_NUMBER_OBJECT_CONVERSION = YES_AGGRESSIVE;
				CLANG_CXX_LANGUAGE_STANDARD = "gnu++20";
				CLANG_ENABLE_MODULES = YES;
				CLANG_ENABLE_OBJC_ARC = YES;
				CLANG_ENABLE_OBJC_WEAK = YES;
				CLANG_WARN_BLOCK_CAPTURE_AUTORELEASING = YES;
				CLANG_WARN_BOOL_CONVERSION = YES;
				CLANG_WARN_COMMA = YES;
				CLANG_WARN_CONSTANT_CONVERSION = YES;
				CLANG_WARN_DEPRECATED_OBJC_IMPLEMENTATIONS = YES;
				CLANG_WARN_DIRECT_OBJC_ISA_USAGE = YES_ERROR;
				CLANG_WARN_DOCUMENTATION_COMMENTS = YES;
				CLANG_WARN_EMPTY_BODY = YES;
				CLANG_WARN_ENUM_CONVERSION = YES;
				CLANG_WARN_INFINITE_RECURSION = YES;
				CLANG_WARN_INT_CONVERSION = YES;
				CLANG_WARN_NON_LITERAL_NULL_CONVERSION = YES;
				CLANG_WARN_OBJC_IMPLICIT_RETAIN_SELF = YES;
				CLANG_WARN_OBJC_LITERAL_CONVERSION = YES;
				CLANG_WARN_OBJC_ROOT_CLASS = YES_ERROR;
				CLANG_WARN_QUOTED_INCLUDE_IN_FRAMEWORK_HEADER = YES;
				CLANG_WARN_RANGE_LOOP_ANALYSIS = YES;
				CLANG_WARN_STRICT_PROTOTYPES = YES;
				CLANG_WARN_SUSPICIOUS_MOVE = YES;
				CLANG_WARN_UNGUARDED_AVAILABILITY = YES_AGGRESSIVE;
				CLANG_WARN_UNREACHABLE_CODE = YES;
				CLANG_WARN__DUPLICATE_METHOD_MATCH = YES;
				COPY_PHASE_STRIP = NO;
				DEBUG_INFORMATION_FORMAT = "dwarf-with-dsym";
				ENABLE_NS_ASSERTIONS = NO;
				ENABLE_STRICT_OBJC_MSGSEND = YES;
				GCC_C_LANGUAGE_STANDARD = gnu11;
				GCC_NO_COMMON_BLOCKS = YES;
				GCC_WARN_64_TO_32_BIT_CONVERSION = YES;
				GCC_WARN_ABOUT_RETURN_TYPE = YES_ERROR;
				GCC_WARN_UNDECLARED_SELECTOR = YES;
				GCC_WARN_UNINITIALIZED_AUTOS = YES_AGGRESSIVE;
				GCC_WARN_UNUSED_FUNCTION = YES;
				GCC_WARN_UNUSED_VARIABLE = YES;
				IPHONEOS_DEPLOYMENT_TARGET = 16.1;
				MTL_ENABLE_DEBUG_INFO = NO;
				MTL_FAST_MATH = YES;
				SDKROOT = iphoneos;
				SWIFT_COMPILATION_MODE = wholemodule;
				SWIFT_OPTIMIZATION_LEVEL = "-O";
				VALIDATE_PRODUCT = YES;
			};
			name = Release;
		};
		B3B2B473291688AF004A8F9B /* Debug */ = {
			isa = XCBuildConfiguration;
			buildSettings = {
				ASSETCATALOG_COMPILER_APPICON_NAME = AppIcon;
				ASSETCATALOG_COMPILER_GLOBAL_ACCENT_COLOR_NAME = AccentColor;
				CODE_SIGN_STYLE = Automatic;
				CURRENT_PROJECT_VERSION = 1;
				DEVELOPMENT_TEAM = 59Z242YFKP;
				GENERATE_INFOPLIST_FILE = YES;
				INFOPLIST_FILE = tableViewDraft/Info.plist;
				INFOPLIST_KEY_UIApplicationSupportsIndirectInputEvents = YES;
				INFOPLIST_KEY_UILaunchStoryboardName = LaunchScreen;
				INFOPLIST_KEY_UIMainStoryboardFile = Main;
				INFOPLIST_KEY_UISupportedInterfaceOrientations_iPad = "UIInterfaceOrientationPortrait UIInterfaceOrientationPortraitUpsideDown UIInterfaceOrientationLandscapeLeft UIInterfaceOrientationLandscapeRight";
				INFOPLIST_KEY_UISupportedInterfaceOrientations_iPhone = "UIInterfaceOrientationPortrait UIInterfaceOrientationLandscapeLeft UIInterfaceOrientationLandscapeRight";
				LD_RUNPATH_SEARCH_PATHS = (
					"$(inherited)",
					"@executable_path/Frameworks",
				);
				MARKETING_VERSION = 1.0;
				PRODUCT_BUNDLE_IDENTIFIER = mesutalver.tableViewDraft;
				PRODUCT_NAME = "$(TARGET_NAME)";
				SWIFT_EMIT_LOC_STRINGS = YES;
				SWIFT_VERSION = 5.0;
				TARGETED_DEVICE_FAMILY = "1,2";
			};
			name = Debug;
		};
		B3B2B474291688AF004A8F9B /* Release */ = {
			isa = XCBuildConfiguration;
			buildSettings = {
				ASSETCATALOG_COMPILER_APPICON_NAME = AppIcon;
				ASSETCATALOG_COMPILER_GLOBAL_ACCENT_COLOR_NAME = AccentColor;
				CODE_SIGN_STYLE = Automatic;
				CURRENT_PROJECT_VERSION = 1;
				DEVELOPMENT_TEAM = 59Z242YFKP;
				GENERATE_INFOPLIST_FILE = YES;
				INFOPLIST_FILE = tableViewDraft/Info.plist;
				INFOPLIST_KEY_UIApplicationSupportsIndirectInputEvents = YES;
				INFOPLIST_KEY_UILaunchStoryboardName = LaunchScreen;
				INFOPLIST_KEY_UIMainStoryboardFile = Main;
				INFOPLIST_KEY_UISupportedInterfaceOrientations_iPad = "UIInterfaceOrientationPortrait UIInterfaceOrientationPortraitUpsideDown UIInterfaceOrientationLandscapeLeft UIInterfaceOrientationLandscapeRight";
				INFOPLIST_KEY_UISupportedInterfaceOrientations_iPhone = "UIInterfaceOrientationPortrait UIInterfaceOrientationLandscapeLeft UIInterfaceOrientationLandscapeRight";
				LD_RUNPATH_SEARCH_PATHS = (
					"$(inherited)",
					"@executable_path/Frameworks",
				);
				MARKETING_VERSION = 1.0;
				PRODUCT_BUNDLE_IDENTIFIER = mesutalver.tableViewDraft;
				PRODUCT_NAME = "$(TARGET_NAME)";
				SWIFT_EMIT_LOC_STRINGS = YES;
				SWIFT_VERSION = 5.0;
				TARGETED_DEVICE_FAMILY = "1,2";
			};
			name = Release;
		};
		B3B2B476291688AF004A8F9B /* Debug */ = {
			isa = XCBuildConfiguration;
			buildSettings = {
				ALWAYS_EMBED_SWIFT_STANDARD_LIBRARIES = YES;
				BUNDLE_LOADER = "$(TEST_HOST)";
				CODE_SIGN_STYLE = Automatic;
				CURRENT_PROJECT_VERSION = 1;
				DEVELOPMENT_TEAM = 59Z242YFKP;
				GENERATE_INFOPLIST_FILE = YES;
				IPHONEOS_DEPLOYMENT_TARGET = 16.1;
				MARKETING_VERSION = 1.0;
				PRODUCT_BUNDLE_IDENTIFIER = mesutalver.tableViewDraftTests;
				PRODUCT_NAME = "$(TARGET_NAME)";
				SWIFT_EMIT_LOC_STRINGS = NO;
				SWIFT_VERSION = 5.0;
				TARGETED_DEVICE_FAMILY = "1,2";
				TEST_HOST = "$(BUILT_PRODUCTS_DIR)/tableViewDraft.app/$(BUNDLE_EXECUTABLE_FOLDER_PATH)/tableViewDraft";
			};
			name = Debug;
		};
		B3B2B477291688AF004A8F9B /* Release */ = {
			isa = XCBuildConfiguration;
			buildSettings = {
				ALWAYS_EMBED_SWIFT_STANDARD_LIBRARIES = YES;
				BUNDLE_LOADER = "$(TEST_HOST)";
				CODE_SIGN_STYLE = Automatic;
				CURRENT_PROJECT_VERSION = 1;
				DEVELOPMENT_TEAM = 59Z242YFKP;
				GENERATE_INFOPLIST_FILE = YES;
				IPHONEOS_DEPLOYMENT_TARGET = 16.1;
				MARKETING_VERSION = 1.0;
				PRODUCT_BUNDLE_IDENTIFIER = mesutalver.tableViewDraftTests;
				PRODUCT_NAME = "$(TARGET_NAME)";
				SWIFT_EMIT_LOC_STRINGS = NO;
				SWIFT_VERSION = 5.0;
				TARGETED_DEVICE_FAMILY = "1,2";
				TEST_HOST = "$(BUILT_PRODUCTS_DIR)/tableViewDraft.app/$(BUNDLE_EXECUTABLE_FOLDER_PATH)/tableViewDraft";
			};
			name = Release;
		};
		B3B2B479291688AF004A8F9B /* Debug */ = {
			isa = XCBuildConfiguration;
			buildSettings = {
				ALWAYS_EMBED_SWIFT_STANDARD_LIBRARIES = YES;
				CODE_SIGN_STYLE = Automatic;
				CURRENT_PROJECT_VERSION = 1;
				DEVELOPMENT_TEAM = 59Z242YFKP;
				GENERATE_INFOPLIST_FILE = YES;
				MARKETING_VERSION = 1.0;
				PRODUCT_BUNDLE_IDENTIFIER = mesutalver.tableViewDraftUITests;
				PRODUCT_NAME = "$(TARGET_NAME)";
				SWIFT_EMIT_LOC_STRINGS = NO;
				SWIFT_VERSION = 5.0;
				TARGETED_DEVICE_FAMILY = "1,2";
				TEST_TARGET_NAME = tableViewDraft;
			};
			name = Debug;
		};
		B3B2B47A291688AF004A8F9B /* Release */ = {
			isa = XCBuildConfiguration;
			buildSettings = {
				ALWAYS_EMBED_SWIFT_STANDARD_LIBRARIES = YES;
				CODE_SIGN_STYLE = Automatic;
				CURRENT_PROJECT_VERSION = 1;
				DEVELOPMENT_TEAM = 59Z242YFKP;
				GENERATE_INFOPLIST_FILE = YES;
				MARKETING_VERSION = 1.0;
				PRODUCT_BUNDLE_IDENTIFIER = mesutalver.tableViewDraftUITests;
				PRODUCT_NAME = "$(TARGET_NAME)";
				SWIFT_EMIT_LOC_STRINGS = NO;
				SWIFT_VERSION = 5.0;
				TARGETED_DEVICE_FAMILY = "1,2";
				TEST_TARGET_NAME = tableViewDraft;
			};
			name = Release;
		};
/* End XCBuildConfiguration section */

/* Begin XCConfigurationList section */
		B3B2B443291688AE004A8F9B /* Build configuration list for PBXProject "tableViewDraft" */ = {
			isa = XCConfigurationList;
			buildConfigurations = (
				B3B2B470291688AF004A8F9B /* Debug */,
				B3B2B471291688AF004A8F9B /* Release */,
			);
			defaultConfigurationIsVisible = 0;
			defaultConfigurationName = Release;
		};
		B3B2B472291688AF004A8F9B /* Build configuration list for PBXNativeTarget "tableViewDraft" */ = {
			isa = XCConfigurationList;
			buildConfigurations = (
				B3B2B473291688AF004A8F9B /* Debug */,
				B3B2B474291688AF004A8F9B /* Release */,
			);
			defaultConfigurationIsVisible = 0;
			defaultConfigurationName = Release;
		};
		B3B2B475291688AF004A8F9B /* Build configuration list for PBXNativeTarget "tableViewDraftTests" */ = {
			isa = XCConfigurationList;
			buildConfigurations = (
				B3B2B476291688AF004A8F9B /* Debug */,
				B3B2B477291688AF004A8F9B /* Release */,
			);
			defaultConfigurationIsVisible = 0;
			defaultConfigurationName = Release;
		};
		B3B2B478291688AF004A8F9B /* Build configuration list for PBXNativeTarget "tableViewDraftUITests" */ = {
			isa = XCConfigurationList;
			buildConfigurations = (
				B3B2B479291688AF004A8F9B /* Debug */,
				B3B2B47A291688AF004A8F9B /* Release */,
			);
			defaultConfigurationIsVisible = 0;
			defaultConfigurationName = Release;
		};
/* End XCConfigurationList section */
	};
	rootObject = B3B2B440291688AE004A8F9B /* Project object */;
}
